
Microsoft Visual Studio Solution File, Format Version 12.00
# Visual Studio Version 16
VisualStudioVersion = 16.0.29306.81
MinimumVisualStudioVersion = 10.0.40219.1
Project("{8BC9CEB8-8B4A-11D0-8D11-00A0C91BC942}") = "CPPCmdParking", "CPPCmdParking\CPPCmdParking.vcxproj", "{2C2753B9-9BCF-4837-A1AE-10DE188F395C}"
EndProject
Global
	GlobalSection(SolutionConfigurationPlatforms) = preSolution
		Debug|x64 = Debug|x64
		Debug|x86 = Debug|x86
		Release|x64 = Release|x64
		Release|x86 = Release|x86
	EndGlobalSection
	GlobalSection(ProjectConfigurationPlatforms) = postSolution
		{2C2753B9-9BCF-4837-A1AE-10DE188F395C}.Debug|x64.ActiveCfg = Debug|x64
		{2C2753B9-9BCF-4837-A1AE-10DE188F395C}.Debug|x64.Build.0 = Debug|x64
		{2C2753B9-9BCF-4837-A1AE-10DE188F395C}.Debug|x86.ActiveCfg = Debug|Win32
		{2C2753B9-9BCF-4837-A1AE-10DE188F395C}.Debug|x86.Build.0 = Debug|Win32
		{2C2753B9-9BCF-4837-A1AE-10DE188F395C}.Release|x64.ActiveCfg = Release|x64
		{2C2753B9-9BCF-4837-A1AE-10DE188F395C}.Release|x64.Build.0 = Release|x64
		{2C2753B9-9BCF-4837-A1AE-10DE188F395C}.Release|x86.ActiveCfg = Release|Win32
		{2C2753B9-9BCF-4837-A1AE-10DE188F395C}.Release|x86.Build.0 = Release|Win32
	EndGlobalSection
	GlobalSection(SolutionProperties) = preSolution
		HideSolutionNode = FALSE
	EndGlobalSection
	GlobalSection(ExtensibilityGlobals) = postSolution
		SolutionGuid = {5C549DC3-CBD5-4181-AE56-DCBD7A0DE290}
	EndGlobalSection
EndGlobal
